
Microsoft Visual Studio Solution File, Format Version 12.00
# Visual Studio Version 16
VisualStudioVersion = 16.0.30717.126
MinimumVisualStudioVersion = 10.0.40219.1
Project("{9A19103F-16F7-4668-BE54-9A1E7A4F7556}") = "MusicManager", "MusicManager\MusicManager.csproj", "{53344A88-D969-455D-A642-018F59E08021}"
EndProject
Project("{FAE04EC0-301F-11D3-BF4B-00C04F79EFBC}") = "MusicManagerTESTS", "MusicManagerTESTS\MusicManagerTESTS.csproj", "{8C650699-469E-41B7-85B5-8BE53B0DBA1E}"
EndProject
Project("{FAE04EC0-301F-11D3-BF4B-00C04F79EFBC}") = "MusicManagerBusiness", "MusicManagerBusiness\MusicManagerBusiness.csproj", "{C1A6467B-17C7-4F14-B5AA-ED80AA1FCBEE}"
EndProject
Project("{FAE04EC0-301F-11D3-BF4B-00C04F79EFBC}") = "MusicManager_GUI", "MusicManager_GUI\MusicManager_GUI.csproj", "{12138C44-43E1-41B4-9BFC-C506A7C3A405}"
EndProject
Global
	GlobalSection(SolutionConfigurationPlatforms) = preSolution
		Debug|Any CPU = Debug|Any CPU
		Release|Any CPU = Release|Any CPU
	EndGlobalSection
	GlobalSection(ProjectConfigurationPlatforms) = postSolution
		{53344A88-D969-455D-A642-018F59E08021}.Debug|Any CPU.ActiveCfg = Debug|Any CPU
		{53344A88-D969-455D-A642-018F59E08021}.Debug|Any CPU.Build.0 = Debug|Any CPU
		{53344A88-D969-455D-A642-018F59E08021}.Release|Any CPU.ActiveCfg = Release|Any CPU
		{53344A88-D969-455D-A642-018F59E08021}.Release|Any CPU.Build.0 = Release|Any CPU
		{8C650699-469E-41B7-85B5-8BE53B0DBA1E}.Debug|Any CPU.ActiveCfg = Debug|Any CPU
		{8C650699-469E-41B7-85B5-8BE53B0DBA1E}.Debug|Any CPU.Build.0 = Debug|Any CPU
		{8C650699-469E-41B7-85B5-8BE53B0DBA1E}.Release|Any CPU.ActiveCfg = Release|Any CPU
		{8C650699-469E-41B7-85B5-8BE53B0DBA1E}.Release|Any CPU.Build.0 = Release|Any CPU
		{C1A6467B-17C7-4F14-B5AA-ED80AA1FCBEE}.Debug|Any CPU.ActiveCfg = Debug|Any CPU
		{C1A6467B-17C7-4F14-B5AA-ED80AA1FCBEE}.Debug|Any CPU.Build.0 = Debug|Any CPU
		{C1A6467B-17C7-4F14-B5AA-ED80AA1FCBEE}.Release|Any CPU.ActiveCfg = Release|Any CPU
		{C1A6467B-17C7-4F14-B5AA-ED80AA1FCBEE}.Release|Any CPU.Build.0 = Release|Any CPU
		{12138C44-43E1-41B4-9BFC-C506A7C3A405}.Debug|Any CPU.ActiveCfg = Debug|Any CPU
		{12138C44-43E1-41B4-9BFC-C506A7C3A405}.Debug|Any CPU.Build.0 = Debug|Any CPU
		{12138C44-43E1-41B4-9BFC-C506A7C3A405}.Release|Any CPU.ActiveCfg = Release|Any CPU
		{12138C44-43E1-41B4-9BFC-C506A7C3A405}.Release|Any CPU.Build.0 = Release|Any CPU
	EndGlobalSection
	GlobalSection(SolutionProperties) = preSolution
		HideSolutionNode = FALSE
	EndGlobalSection
	GlobalSection(ExtensibilityGlobals) = postSolution
		SolutionGuid = {2B1CDB44-E146-4F65-892E-263017184FC0}
	EndGlobalSection
EndGlobal
